
Microsoft Visual Studio Solution File, Format Version 12.00
# Visual Studio 2013
VisualStudioVersion = 12.0.31101.0
MinimumVisualStudioVersion = 10.0.40219.1
Project("{FAE04EC0-301F-11D3-BF4B-00C04F79EFBC}") = "SimpleMVVMExample", "SimpleMVVMExample\SimpleMVVMExample.csproj", "{0D6370B0-B6A8-4C62-B726-8F8AE51B0880}"
EndProject
Project("{FAE04EC0-301F-11D3-BF4B-00C04F79EFBC}") = "ecole_management_data", "ecole_management_data\ecole_management_data.csproj", "{50BBA0B4-7641-4122-8BDF-7716DEBBB72C}"
EndProject
Global
	GlobalSection(SolutionConfigurationPlatforms) = preSolution
		Debug|Any CPU = Debug|Any CPU
		Debug|Mixed Platforms = Debug|Mixed Platforms
		Debug|x86 = Debug|x86
		Release|Any CPU = Release|Any CPU
		Release|Mixed Platforms = Release|Mixed Platforms
		Release|x86 = Release|x86
	EndGlobalSection
	GlobalSection(ProjectConfigurationPlatforms) = postSolution
		{0D6370B0-B6A8-4C62-B726-8F8AE51B0880}.Debug|Any CPU.ActiveCfg = Debug|x86
		{0D6370B0-B6A8-4C62-B726-8F8AE51B0880}.Debug|Mixed Platforms.ActiveCfg = Debug|x86
		{0D6370B0-B6A8-4C62-B726-8F8AE51B0880}.Debug|Mixed Platforms.Build.0 = Debug|x86
		{0D6370B0-B6A8-4C62-B726-8F8AE51B0880}.Debug|x86.ActiveCfg = Debug|x86
		{0D6370B0-B6A8-4C62-B726-8F8AE51B0880}.Debug|x86.Build.0 = Debug|x86
		{0D6370B0-B6A8-4C62-B726-8F8AE51B0880}.Release|Any CPU.ActiveCfg = Release|x86
		{0D6370B0-B6A8-4C62-B726-8F8AE51B0880}.Release|Mixed Platforms.ActiveCfg = Release|x86
		{0D6370B0-B6A8-4C62-B726-8F8AE51B0880}.Release|Mixed Platforms.Build.0 = Release|x86
		{0D6370B0-B6A8-4C62-B726-8F8AE51B0880}.Release|x86.ActiveCfg = Release|x86
		{0D6370B0-B6A8-4C62-B726-8F8AE51B0880}.Release|x86.Build.0 = Release|x86
		{50BBA0B4-7641-4122-8BDF-7716DEBBB72C}.Debug|Any CPU.ActiveCfg = Debug|Any CPU
		{50BBA0B4-7641-4122-8BDF-7716DEBBB72C}.Debug|Any CPU.Build.0 = Debug|Any CPU
		{50BBA0B4-7641-4122-8BDF-7716DEBBB72C}.Debug|Mixed Platforms.ActiveCfg = Debug|Any CPU
		{50BBA0B4-7641-4122-8BDF-7716DEBBB72C}.Debug|Mixed Platforms.Build.0 = Debug|Any CPU
		{50BBA0B4-7641-4122-8BDF-7716DEBBB72C}.Debug|x86.ActiveCfg = Debug|Any CPU
		{50BBA0B4-7641-4122-8BDF-7716DEBBB72C}.Release|Any CPU.ActiveCfg = Release|Any CPU
		{50BBA0B4-7641-4122-8BDF-7716DEBBB72C}.Release|Any CPU.Build.0 = Release|Any CPU
		{50BBA0B4-7641-4122-8BDF-7716DEBBB72C}.Release|Mixed Platforms.ActiveCfg = Release|Any CPU
		{50BBA0B4-7641-4122-8BDF-7716DEBBB72C}.Release|Mixed Platforms.Build.0 = Release|Any CPU
		{50BBA0B4-7641-4122-8BDF-7716DEBBB72C}.Release|x86.ActiveCfg = Release|Any CPU
	EndGlobalSection
	GlobalSection(SolutionProperties) = preSolution
		HideSolutionNode = FALSE
	EndGlobalSection
EndGlobal
